
Microsoft Visual Studio Solution File, Format Version 12.00
# Visual Studio 15
VisualStudioVersion = 15.0.28307.271
MinimumVisualStudioVersion = 10.0.40219.1
Project("{FAE04EC0-301F-11D3-BF4B-00C04F79EFBC}") = "DotProbe", "DotProbe\DotProbe.csproj", "{D0C90DAD-B996-48E7-A3AE-21821C43D47A}"
EndProject
Global
	GlobalSection(SolutionConfigurationPlatforms) = preSolution
		Debug|Any CPU = Debug|Any CPU
		Release|Any CPU = Release|Any CPU
	EndGlobalSection
	GlobalSection(ProjectConfigurationPlatforms) = postSolution
		{D0C90DAD-B996-48E7-A3AE-21821C43D47A}.Debug|Any CPU.ActiveCfg = Debug|Any CPU
		{D0C90DAD-B996-48E7-A3AE-21821C43D47A}.Debug|Any CPU.Build.0 = Debug|Any CPU
		{D0C90DAD-B996-48E7-A3AE-21821C43D47A}.Release|Any CPU.ActiveCfg = Release|Any CPU
		{D0C90DAD-B996-48E7-A3AE-21821C43D47A}.Release|Any CPU.Build.0 = Release|Any CPU
	EndGlobalSection
	GlobalSection(SolutionProperties) = preSolution
		HideSolutionNode = FALSE
	EndGlobalSection
	GlobalSection(ExtensibilityGlobals) = postSolution
		SolutionGuid = {E883E835-25AE-4289-B779-54313E84CAF9}
	EndGlobalSection
EndGlobal
