
Microsoft Visual Studio Solution File, Format Version 12.00
# Visual Studio 15
VisualStudioVersion = 15.0.28307.271
MinimumVisualStudioVersion = 10.0.40219.1
Project("{FAE04EC0-301F-11D3-BF4B-00C04F79EFBC}") = "WMC_CE", "WMC_CE\WMC_CE.csproj", "{A8CDD645-06E4-4E74-BB37-91FDFA8D1AE4}"
EndProject
Global
	GlobalSection(SolutionConfigurationPlatforms) = preSolution
		Debug|Any CPU = Debug|Any CPU
		Release|Any CPU = Release|Any CPU
	EndGlobalSection
	GlobalSection(ProjectConfigurationPlatforms) = postSolution
		{A8CDD645-06E4-4E74-BB37-91FDFA8D1AE4}.Debug|Any CPU.ActiveCfg = Debug|Any CPU
		{A8CDD645-06E4-4E74-BB37-91FDFA8D1AE4}.Debug|Any CPU.Build.0 = Debug|Any CPU
		{A8CDD645-06E4-4E74-BB37-91FDFA8D1AE4}.Release|Any CPU.ActiveCfg = Release|Any CPU
		{A8CDD645-06E4-4E74-BB37-91FDFA8D1AE4}.Release|Any CPU.Build.0 = Release|Any CPU
	EndGlobalSection
	GlobalSection(SolutionProperties) = preSolution
		HideSolutionNode = FALSE
	EndGlobalSection
	GlobalSection(ExtensibilityGlobals) = postSolution
		SolutionGuid = {A80BC05D-4374-423D-B44B-0DFC4E58967D}
	EndGlobalSection
EndGlobal
